
Microsoft Visual Studio Solution File, Format Version 12.00
# Visual Studio 15
VisualStudioVersion = 15.0.27130.2020
MinimumVisualStudioVersion = 10.0.40219.1
Project("{FAE04EC0-301F-11D3-BF4B-00C04F79EFBC}") = "StudentInfoApp", "StudentInfoApp\StudentInfoApp.csproj", "{A453F99E-D3FE-4F25-84C7-BA4DF3CFD685}"
EndProject
Global
	GlobalSection(SolutionConfigurationPlatforms) = preSolution
		Debug|Any CPU = Debug|Any CPU
		Release|Any CPU = Release|Any CPU
	EndGlobalSection
	GlobalSection(ProjectConfigurationPlatforms) = postSolution
		{A453F99E-D3FE-4F25-84C7-BA4DF3CFD685}.Debug|Any CPU.ActiveCfg = Debug|Any CPU
		{A453F99E-D3FE-4F25-84C7-BA4DF3CFD685}.Debug|Any CPU.Build.0 = Debug|Any CPU
		{A453F99E-D3FE-4F25-84C7-BA4DF3CFD685}.Release|Any CPU.ActiveCfg = Release|Any CPU
		{A453F99E-D3FE-4F25-84C7-BA4DF3CFD685}.Release|Any CPU.Build.0 = Release|Any CPU
	EndGlobalSection
	GlobalSection(SolutionProperties) = preSolution
		HideSolutionNode = FALSE
	EndGlobalSection
	GlobalSection(ExtensibilityGlobals) = postSolution
		SolutionGuid = {67596EEA-65CC-473E-ABDD-315A9DF11034}
	EndGlobalSection
EndGlobal
